// !$*UTF8*$!
{
	archiveVersion = 1;
	classes = {
	};
	objectVersion = 50;
	objects = {

/* Begin PBXBuildFile section */
		0F0AE66825E437D900B1BF0E /* MovieCell.swift in Sources */ = {isa = PBXBuildFile; fileRef = 0F0AE66725E437D900B1BF0E /* MovieCell.swift */; };
		0F4FD54F25E2F6E800233336 /* AppDelegate.swift in Sources */ = {isa = PBXBuildFile; fileRef = 0F4FD54E25E2F6E800233336 /* AppDelegate.swift */; };
		0F4FD55125E2F6E800233336 /* SceneDelegate.swift in Sources */ = {isa = PBXBuildFile; fileRef = 0F4FD55025E2F6E800233336 /* SceneDelegate.swift */; };
		0F4FD55625E2F6E800233336 /* Main.storyboard in Resources */ = {isa = PBXBuildFile; fileRef = 0F4FD55425E2F6E800233336 /* Main.storyboard */; };
		0F4FD55825E2F6E900233336 /* Assets.xcassets in Resources */ = {isa = PBXBuildFile; fileRef = 0F4FD55725E2F6E900233336 /* Assets.xcassets */; };
		0F4FD55B25E2F6E900233336 /* LaunchScreen.storyboard in Resources */ = {isa = PBXBuildFile; fileRef = 0F4FD55925E2F6E900233336 /* LaunchScreen.storyboard */; };
		0F4FD56625E2F6E900233336 /* FlixTests.swift in Sources */ = {isa = PBXBuildFile; fileRef = 0F4FD56525E2F6E900233336 /* FlixTests.swift */; };
		0F4FD57125E2F6E900233336 /* FlixUITests.swift in Sources */ = {isa = PBXBuildFile; fileRef = 0F4FD57025E2F6E900233336 /* FlixUITests.swift */; };
		0F4FD58525E2FB4600233336 /* MoviesViewController.swift in Sources */ = {isa = PBXBuildFile; fileRef = 0F4FD58425E2FB4600233336 /* MoviesViewController.swift */; };
		18C5943F4C5D37B4A402E337 /* Pods_FlixTests.framework in Frameworks */ = {isa = PBXBuildFile; fileRef = 4FB2FB6E35810AF67C6CE9A0 /* Pods_FlixTests.framework */; };
		8513D39AFCCA598F3D821A4E /* Pods_Flix.framework in Frameworks */ = {isa = PBXBuildFile; fileRef = A801178DC03F43CF7EA1B8B7 /* Pods_Flix.framework */; };
		F2C7C6ACCFCDF72DBBA3492C /* Pods_Flix_FlixUITests.framework in Frameworks */ = {isa = PBXBuildFile; fileRef = 3DC5B71535FE44EEBEFB0601 /* Pods_Flix_FlixUITests.framework */; };
/* End PBXBuildFile section */

/* Begin PBXContainerItemProxy section */
		0F4FD56225E2F6E900233336 /* PBXContainerItemProxy */ = {
			isa = PBXContainerItemProxy;
			containerPortal = 0F4FD54325E2F6E800233336 /* Project object */;
			proxyType = 1;
			remoteGlobalIDString = 0F4FD54A25E2F6E800233336;
			remoteInfo = Flix;
		};
		0F4FD56D25E2F6E900233336 /* PBXContainerItemProxy */ = {
			isa = PBXContainerItemProxy;
			containerPortal = 0F4FD54325E2F6E800233336 /* Project object */;
			proxyType = 1;
			remoteGlobalIDString = 0F4FD54A25E2F6E800233336;
			remoteInfo = Flix;
		};
/* End PBXContainerItemProxy section */

/* Begin PBXFileReference section */
		0F0AE66725E437D900B1BF0E /* MovieCell.swift */ = {isa = PBXFileReference; lastKnownFileType = sourcecode.swift; path = MovieCell.swift; sourceTree = "<group>"; };
		0F4FD54B25E2F6E800233336 /* Flix.app */ = {isa = PBXFileReference; explicitFileType = wrapper.application; includeInIndex = 0; path = Flix.app; sourceTree = BUILT_PRODUCTS_DIR; };
		0F4FD54E25E2F6E800233336 /* AppDelegate.swift */ = {isa = PBXFileReference; lastKnownFileType = sourcecode.swift; path = AppDelegate.swift; sourceTree = "<group>"; };
		0F4FD55025E2F6E800233336 /* SceneDelegate.swift */ = {isa = PBXFileReference; lastKnownFileType = sourcecode.swift; path = SceneDelegate.swift; sourceTree = "<group>"; };
		0F4FD55525E2F6E800233336 /* Base */ = {isa = PBXFileReference; lastKnownFileType = file.storyboard; name = Base; path = Base.lproj/Main.storyboard; sourceTree = "<group>"; };
		0F4FD55725E2F6E900233336 /* Assets.xcassets */ = {isa = PBXFileReference; lastKnownFileType = folder.assetcatalog; path = Assets.xcassets; sourceTree = "<group>"; };
		0F4FD55A25E2F6E900233336 /* Base */ = {isa = PBXFileReference; lastKnownFileType = file.storyboard; name = Base; path = Base.lproj/LaunchScreen.storyboard; sourceTree = "<group>"; };
		0F4FD55C25E2F6E900233336 /* Info.plist */ = {isa = PBXFileReference; lastKnownFileType = text.plist.xml; path = Info.plist; sourceTree = "<group>"; };
		0F4FD56125E2F6E900233336 /* FlixTests.xctest */ = {isa = PBXFileReference; explicitFileType = wrapper.cfbundle; includeInIndex = 0; path = FlixTests.xctest; sourceTree = BUILT_PRODUCTS_DIR; };
		0F4FD56525E2F6E900233336 /* FlixTests.swift */ = {isa = PBXFileReference; lastKnownFileType = sourcecode.swift; path = FlixTests.swift; sourceTree = "<group>"; };
		0F4FD56725E2F6E900233336 /* Info.plist */ = {isa = PBXFileReference; lastKnownFileType = text.plist.xml; path = Info.plist; sourceTree = "<group>"; };
		0F4FD56C25E2F6E900233336 /* FlixUITests.xctest */ = {isa = PBXFileReference; explicitFileType = wrapper.cfbundle; includeInIndex = 0; path = FlixUITests.xctest; sourceTree = BUILT_PRODUCTS_DIR; };
		0F4FD57025E2F6E900233336 /* FlixUITests.swift */ = {isa = PBXFileReference; lastKnownFileType = sourcecode.swift; path = FlixUITests.swift; sourceTree = "<group>"; };
		0F4FD57225E2F6E900233336 /* Info.plist */ = {isa = PBXFileReference; lastKnownFileType = text.plist.xml; path = Info.plist; sourceTree = "<group>"; };
		0F4FD58425E2FB4600233336 /* MoviesViewController.swift */ = {isa = PBXFileReference; lastKnownFileType = sourcecode.swift; path = MoviesViewController.swift; sourceTree = "<group>"; };
		37F829C8B094F1C7B3ED9FD9 /* Pods-Flix-FlixUITests.debug.xcconfig */ = {isa = PBXFileReference; includeInIndex = 1; lastKnownFileType = text.xcconfig; name = "Pods-Flix-FlixUITests.debug.xcconfig"; path = "Target Support Files/Pods-Flix-FlixUITests/Pods-Flix-FlixUITests.debug.xcconfig"; sourceTree = "<group>"; };
		3DC5B71535FE44EEBEFB0601 /* Pods_Flix_FlixUITests.framework */ = {isa = PBXFileReference; explicitFileType = wrapper.framework; includeInIndex = 0; path = Pods_Flix_FlixUITests.framework; sourceTree = BUILT_PRODUCTS_DIR; };
		4FB2FB6E35810AF67C6CE9A0 /* Pods_FlixTests.framework */ = {isa = PBXFileReference; explicitFileType = wrapper.framework; includeInIndex = 0; path = Pods_FlixTests.framework; sourceTree = BUILT_PRODUCTS_DIR; };
		5003EEF83612320CC4312202 /* Pods-Flix-FlixUITests.release.xcconfig */ = {isa = PBXFileReference; includeInIndex = 1; lastKnownFileType = text.xcconfig; name = "Pods-Flix-FlixUITests.release.xcconfig"; path = "Target Support Files/Pods-Flix-FlixUITests/Pods-Flix-FlixUITests.release.xcconfig"; sourceTree = "<group>"; };
		5A3393AD1DA1C319E5C59A57 /* Pods-Flix.debug.xcconfig */ = {isa = PBXFileReference; includeInIndex = 1; lastKnownFileType = text.xcconfig; name = "Pods-Flix.debug.xcconfig"; path = "Target Support Files/Pods-Flix/Pods-Flix.debug.xcconfig"; sourceTree = "<group>"; };
		6B491C3110CE2E12B5CEDECF /* Pods-FlixTests.debug.xcconfig */ = {isa = PBXFileReference; includeInIndex = 1; lastKnownFileType = text.xcconfig; name = "Pods-FlixTests.debug.xcconfig"; path = "Target Support Files/Pods-FlixTests/Pods-FlixTests.debug.xcconfig"; sourceTree = "<group>"; };
		A44C787B835A1EAEF7164AE3 /* Pods-FlixTests.release.xcconfig */ = {isa = PBXFileReference; includeInIndex = 1; lastKnownFileType = text.xcconfig; name = "Pods-FlixTests.release.xcconfig"; path = "Target Support Files/Pods-FlixTests/Pods-FlixTests.release.xcconfig"; sourceTree = "<group>"; };
		A801178DC03F43CF7EA1B8B7 /* Pods_Flix.framework */ = {isa = PBXFileReference; explicitFileType = wrapper.framework; includeInIndex = 0; path = Pods_Flix.framework; sourceTree = BUILT_PRODUCTS_DIR; };
		E8BDC2F02F3F6678DD36D620 /* Pods-Flix.release.xcconfig */ = {isa = PBXFileReference; includeInIndex = 1; lastKnownFileType = text.xcconfig; name = "Pods-Flix.release.xcconfig"; path = "Target Support Files/Pods-Flix/Pods-Flix.release.xcconfig"; sourceTree = "<group>"; };
/* End PBXFileReference section */

/* Begin PBXFrameworksBuildPhase section */
		0F4FD54825E2F6E800233336 /* Frameworks */ = {
			isa = PBXFrameworksBuildPhase;
			buildActionMask = 2147483647;
			files = (
				8513D39AFCCA598F3D821A4E /* Pods_Flix.framework in Frameworks */,
			);
			runOnlyForDeploymentPostprocessing = 0;
		};
		0F4FD55E25E2F6E900233336 /* Frameworks */ = {
			isa = PBXFrameworksBuildPhase;
			buildActionMask = 2147483647;
			files = (
				18C5943F4C5D37B4A402E337 /* Pods_FlixTests.framework in Frameworks */,
			);
			runOnlyForDeploymentPostprocessing = 0;
		};
		0F4FD56925E2F6E900233336 /* Frameworks */ = {
			isa = PBXFrameworksBuildPhase;
			buildActionMask = 2147483647;
			files = (
				F2C7C6ACCFCDF72DBBA3492C /* Pods_Flix_FlixUITests.framework in Frameworks */,
			);
			runOnlyForDeploymentPostprocessing = 0;
		};
/* End PBXFrameworksBuildPhase section */

/* Begin PBXGroup section */
		0F4FD54225E2F6E800233336 = {
			isa = PBXGroup;
			children = (
				0F4FD54D25E2F6E800233336 /* Flix */,
				0F4FD56425E2F6E900233336 /* FlixTests */,
				0F4FD56F25E2F6E900233336 /* FlixUITests */,
				0F4FD54C25E2F6E800233336 /* Products */,
				A741466392D74FD9D3F2ED3B /* Pods */,
				979CA0AFFB6CCDD27571B685 /* Frameworks */,
			);
			sourceTree = "<group>";
		};
		0F4FD54C25E2F6E800233336 /* Products */ = {
			isa = PBXGroup;
			children = (
				0F4FD54B25E2F6E800233336 /* Flix.app */,
				0F4FD56125E2F6E900233336 /* FlixTests.xctest */,
				0F4FD56C25E2F6E900233336 /* FlixUITests.xctest */,
			);
			name = Products;
			sourceTree = "<group>";
		};
		0F4FD54D25E2F6E800233336 /* Flix */ = {
			isa = PBXGroup;
			children = (
				0F4FD54E25E2F6E800233336 /* AppDelegate.swift */,
				0F4FD55025E2F6E800233336 /* SceneDelegate.swift */,
				0F4FD55425E2F6E800233336 /* Main.storyboard */,
				0F4FD55725E2F6E900233336 /* Assets.xcassets */,
				0F4FD55925E2F6E900233336 /* LaunchScreen.storyboard */,
				0F4FD55C25E2F6E900233336 /* Info.plist */,
				0F4FD58425E2FB4600233336 /* MoviesViewController.swift */,
				0F0AE66725E437D900B1BF0E /* MovieCell.swift */,
			);
			path = Flix;
			sourceTree = "<group>";
		};
		0F4FD56425E2F6E900233336 /* FlixTests */ = {
			isa = PBXGroup;
			children = (
				0F4FD56525E2F6E900233336 /* FlixTests.swift */,
				0F4FD56725E2F6E900233336 /* Info.plist */,
			);
			path = FlixTests;
			sourceTree = "<group>";
		};
		0F4FD56F25E2F6E900233336 /* FlixUITests */ = {
			isa = PBXGroup;
			children = (
				0F4FD57025E2F6E900233336 /* FlixUITests.swift */,
				0F4FD57225E2F6E900233336 /* Info.plist */,
			);
			path = FlixUITests;
			sourceTree = "<group>";
		};
		979CA0AFFB6CCDD27571B685 /* Frameworks */ = {
			isa = PBXGroup;
			children = (
				A801178DC03F43CF7EA1B8B7 /* Pods_Flix.framework */,
				3DC5B71535FE44EEBEFB0601 /* Pods_Flix_FlixUITests.framework */,
				4FB2FB6E35810AF67C6CE9A0 /* Pods_FlixTests.framework */,
			);
			name = Frameworks;
			sourceTree = "<group>";
		};
		A741466392D74FD9D3F2ED3B /* Pods */ = {
			isa = PBXGroup;
			children = (
				5A3393AD1DA1C319E5C59A57 /* Pods-Flix.debug.xcconfig */,
				E8BDC2F02F3F6678DD36D620 /* Pods-Flix.release.xcconfig */,
				37F829C8B094F1C7B3ED9FD9 /* Pods-Flix-FlixUITests.debug.xcconfig */,
				5003EEF83612320CC4312202 /* Pods-Flix-FlixUITests.release.xcconfig */,
				6B491C3110CE2E12B5CEDECF /* Pods-FlixTests.debug.xcconfig */,
				A44C787B835A1EAEF7164AE3 /* Pods-FlixTests.release.xcconfig */,
			);
			name = Pods;
			path = Pods;
			sourceTree = "<group>";
		};
/* End PBXGroup section */

/* Begin PBXNativeTarget section */
		0F4FD54A25E2F6E800233336 /* Flix */ = {
			isa = PBXNativeTarget;
			buildConfigurationList = 0F4FD57525E2F6E900233336 /* Build configuration list for PBXNativeTarget "Flix" */;
			buildPhases = (
				73586070983B1D610A9082DD /* [CP] Check Pods Manifest.lock */,
				0F4FD54725E2F6E800233336 /* Sources */,
				0F4FD54825E2F6E800233336 /* Frameworks */,
				0F4FD54925E2F6E800233336 /* Resources */,
				7A4A68B3E0CFDF9ED405A64A /* [CP] Embed Pods Frameworks */,
			);
			buildRules = (
			);
			dependencies = (
			);
			name = Flix;
			productName = Flix;
			productReference = 0F4FD54B25E2F6E800233336 /* Flix.app */;
			productType = "com.apple.product-type.application";
		};
		0F4FD56025E2F6E900233336 /* FlixTests */ = {
			isa = PBXNativeTarget;
			buildConfigurationList = 0F4FD57825E2F6E900233336 /* Build configuration list for PBXNativeTarget "FlixTests" */;
			buildPhases = (
				030E5162F9C2F66135594E9A /* [CP] Check Pods Manifest.lock */,
				0F4FD55D25E2F6E900233336 /* Sources */,
				0F4FD55E25E2F6E900233336 /* Frameworks */,
				0F4FD55F25E2F6E900233336 /* Resources */,
			);
			buildRules = (
			);
			dependencies = (
				0F4FD56325E2F6E900233336 /* PBXTargetDependency */,
			);
			name = FlixTests;
			productName = FlixTests;
			productReference = 0F4FD56125E2F6E900233336 /* FlixTests.xctest */;
			productType = "com.apple.product-type.bundle.unit-test";
		};
		0F4FD56B25E2F6E900233336 /* FlixUITests */ = {
			isa = PBXNativeTarget;
			buildConfigurationList = 0F4FD57B25E2F6E900233336 /* Build configuration list for PBXNativeTarget "FlixUITests" */;
			buildPhases = (
				F1CC7384D13670EEA78E9F99 /* [CP] Check Pods Manifest.lock */,
				0F4FD56825E2F6E900233336 /* Sources */,
				0F4FD56925E2F6E900233336 /* Frameworks */,
				0F4FD56A25E2F6E900233336 /* Resources */,
				90CE3FD32DA8E0653DCB72BA /* [CP] Embed Pods Frameworks */,
			);
			buildRules = (
			);
			dependencies = (
				0F4FD56E25E2F6E900233336 /* PBXTargetDependency */,
			);
			name = FlixUITests;
			productName = FlixUITests;
			productReference = 0F4FD56C25E2F6E900233336 /* FlixUITests.xctest */;
			productType = "com.apple.product-type.bundle.ui-testing";
		};
/* End PBXNativeTarget section */

/* Begin PBXProject section */
		0F4FD54325E2F6E800233336 /* Project object */ = {
			isa = PBXProject;
			attributes = {
				LastSwiftUpdateCheck = 1240;
				LastUpgradeCheck = 1240;
				TargetAttributes = {
					0F4FD54A25E2F6E800233336 = {
						CreatedOnToolsVersion = 12.4;
					};
					0F4FD56025E2F6E900233336 = {
						CreatedOnToolsVersion = 12.4;
						TestTargetID = 0F4FD54A25E2F6E800233336;
					};
					0F4FD56B25E2F6E900233336 = {
						CreatedOnToolsVersion = 12.4;
						TestTargetID = 0F4FD54A25E2F6E800233336;
					};
				};
			};
			buildConfigurationList = 0F4FD54625E2F6E800233336 /* Build configuration list for PBXProject "Flix" */;
			compatibilityVersion = "Xcode 9.3";
			developmentRegion = en;
			hasScannedForEncodings = 0;
			knownRegions = (
				en,
				Base,
			);
			mainGroup = 0F4FD54225E2F6E800233336;
			productRefGroup = 0F4FD54C25E2F6E800233336 /* Products */;
			projectDirPath = "";
			projectRoot = "";
			targets = (
				0F4FD54A25E2F6E800233336 /* Flix */,
				0F4FD56025E2F6E900233336 /* FlixTests */,
				0F4FD56B25E2F6E900233336 /* FlixUITests */,
			);
		};
/* End PBXProject section */

/* Begin PBXResourcesBuildPhase section */
		0F4FD54925E2F6E800233336 /* Resources */ = {
			isa = PBXResourcesBuildPhase;
			buildActionMask = 2147483647;
			files = (
				0F4FD55B25E2F6E900233336 /* LaunchScreen.storyboard in Resources */,
				0F4FD55825E2F6E900233336 /* Assets.xcassets in Resources */,
				0F4FD55625E2F6E800233336 /* Main.storyboard in Resources */,
			);
			runOnlyForDeploymentPostprocessing = 0;
		};
		0F4FD55F25E2F6E900233336 /* Resources */ = {
			isa = PBXResourcesBuildPhase;
			buildActionMask = 2147483647;
			files = (
			);
			runOnlyForDeploymentPostprocessing = 0;
		};
		0F4FD56A25E2F6E900233336 /* Resources */ = {
			isa = PBXResourcesBuildPhase;
			buildActionMask = 2147483647;
			files = (
			);
			runOnlyForDeploymentPostprocessing = 0;
		};
/* End PBXResourcesBuildPhase section */

/* Begin PBXShellScriptBuildPhase section */
		030E5162F9C2F66135594E9A /* [CP] Check Pods Manifest.lock */ = {
			isa = PBXShellScriptBuildPhase;
			buildActionMask = 2147483647;
			files = (
			);
			inputFileListPaths = (
			);
			inputPaths = (
				"${PODS_PODFILE_DIR_PATH}/Podfile.lock",
				"${PODS_ROOT}/Manifest.lock",
			);
			name = "[CP] Check Pods Manifest.lock";
			outputFileListPaths = (
			);
			outputPaths = (
				"$(DERIVED_FILE_DIR)/Pods-FlixTests-checkManifestLockResult.txt",
			);
			runOnlyForDeploymentPostprocessing = 0;
			shellPath = /bin/sh;
			shellScript = "diff \"${PODS_PODFILE_DIR_PATH}/Podfile.lock\" \"${PODS_ROOT}/Manifest.lock\" > /dev/null\nif [ $? != 0 ] ; then\n    # print error to STDERR\n    echo \"error: The sandbox is not in sync with the Podfile.lock. Run 'pod install' or update your CocoaPods installation.\" >&2\n    exit 1\nfi\n# This output is used by Xcode 'outputs' to avoid re-running this script phase.\necho \"SUCCESS\" > \"${SCRIPT_OUTPUT_FILE_0}\"\n";
			showEnvVarsInLog = 0;
		};
		73586070983B1D610A9082DD /* [CP] Check Pods Manifest.lock */ = {
			isa = PBXShellScriptBuildPhase;
			buildActionMask = 2147483647;
			files = (
			);
			inputFileListPaths = (
			);
			inputPaths = (
				"${PODS_PODFILE_DIR_PATH}/Podfile.lock",
				"${PODS_ROOT}/Manifest.lock",
			);
			name = "[CP] Check Pods Manifest.lock";
			outputFileListPaths = (
			);
			outputPaths = (
				"$(DERIVED_FILE_DIR)/Pods-Flix-checkManifestLockResult.txt",
			);
			runOnlyForDeploymentPostprocessing = 0;
			shellPath = /bin/sh;
			shellScript = "diff \"${PODS_PODFILE_DIR_PATH}/Podfile.lock\" \"${PODS_ROOT}/Manifest.lock\" > /dev/null\nif [ $? != 0 ] ; then\n    # print error to STDERR\n    echo \"error: The sandbox is not in sync with the Podfile.lock. Run 'pod install' or update your CocoaPods installation.\" >&2\n    exit 1\nfi\n# This output is used by Xcode 'outputs' to avoid re-running this script phase.\necho \"SUCCESS\" > \"${SCRIPT_OUTPUT_FILE_0}\"\n";
			showEnvVarsInLog = 0;
		};
		7A4A68B3E0CFDF9ED405A64A /* [CP] Embed Pods Frameworks */ = {
			isa = PBXShellScriptBuildPhase;
			buildActionMask = 2147483647;
			files = (
			);
			inputFileListPaths = (
				"${PODS_ROOT}/Target Support Files/Pods-Flix/Pods-Flix-frameworks-${CONFIGURATION}-input-files.xcfilelist",
			);
			name = "[CP] Embed Pods Frameworks";
			outputFileListPaths = (
				"${PODS_ROOT}/Target Support Files/Pods-Flix/Pods-Flix-frameworks-${CONFIGURATION}-output-files.xcfilelist",
			);
			runOnlyForDeploymentPostprocessing = 0;
			shellPath = /bin/sh;
			shellScript = "\"${PODS_ROOT}/Target Support Files/Pods-Flix/Pods-Flix-frameworks.sh\"\n";
			showEnvVarsInLog = 0;
		};
		90CE3FD32DA8E0653DCB72BA /* [CP] Embed Pods Frameworks */ = {
			isa = PBXShellScriptBuildPhase;
			buildActionMask = 2147483647;
			files = (
			);
			inputFileListPaths = (
				"${PODS_ROOT}/Target Support Files/Pods-Flix-FlixUITests/Pods-Flix-FlixUITests-frameworks-${CONFIGURATION}-input-files.xcfilelist",
			);
			name = "[CP] Embed Pods Frameworks";
			outputFileListPaths = (
				"${PODS_ROOT}/Target Support Files/Pods-Flix-FlixUITests/Pods-Flix-FlixUITests-frameworks-${CONFIGURATION}-output-files.xcfilelist",
			);
			runOnlyForDeploymentPostprocessing = 0;
			shellPath = /bin/sh;
			shellScript = "\"${PODS_ROOT}/Target Support Files/Pods-Flix-FlixUITests/Pods-Flix-FlixUITests-frameworks.sh\"\n";
			showEnvVarsInLog = 0;
		};
		F1CC7384D13670EEA78E9F99 /* [CP] Check Pods Manifest.lock */ = {
			isa = PBXShellScriptBuildPhase;
			buildActionMask = 2147483647;
			files = (
			);
			inputFileListPaths = (
			);
			inputPaths = (
				"${PODS_PODFILE_DIR_PATH}/Podfile.lock",
				"${PODS_ROOT}/Manifest.lock",
			);
			name = "[CP] Check Pods Manifest.lock";
			outputFileListPaths = (
			);
			outputPaths = (
				"$(DERIVED_FILE_DIR)/Pods-Flix-FlixUITests-checkManifestLockResult.txt",
			);
			runOnlyForDeploymentPostprocessing = 0;
			shellPath = /bin/sh;
			shellScript = "diff \"${PODS_PODFILE_DIR_PATH}/Podfile.lock\" \"${PODS_ROOT}/Manifest.lock\" > /dev/null\nif [ $? != 0 ] ; then\n    # print error to STDERR\n    echo \"error: The sandbox is not in sync with the Podfile.lock. Run 'pod install' or update your CocoaPods installation.\" >&2\n    exit 1\nfi\n# This output is used by Xcode 'outputs' to avoid re-running this script phase.\necho \"SUCCESS\" > \"${SCRIPT_OUTPUT_FILE_0}\"\n";
			showEnvVarsInLog = 0;
		};
/* End PBXShellScriptBuildPhase section */

/* Begin PBXSourcesBuildPhase section */
		0F4FD54725E2F6E800233336 /* Sources */ = {
			isa = PBXSourcesBuildPhase;
			buildActionMask = 2147483647;
			files = (
				0F4FD54F25E2F6E800233336 /* AppDelegate.swift in Sources */,
				0F4FD55125E2F6E800233336 /* SceneDelegate.swift in Sources */,
				0F0AE66825E437D900B1BF0E /* MovieCell.swift in Sources */,
				0F4FD58525E2FB4600233336 /* MoviesViewController.swift in Sources */,
			);
			runOnlyForDeploymentPostprocessing = 0;
		};
		0F4FD55D25E2F6E900233336 /* Sources */ = {
			isa = PBXSourcesBuildPhase;
			buildActionMask = 2147483647;
			files = (
				0F4FD56625E2F6E900233336 /* FlixTests.swift in Sources */,
			);
			runOnlyForDeploymentPostprocessing = 0;
		};
		0F4FD56825E2F6E900233336 /* Sources */ = {
			isa = PBXSourcesBuildPhase;
			buildActionMask = 2147483647;
			files = (
				0F4FD57125E2F6E900233336 /* FlixUITests.swift in Sources */,
			);
			runOnlyForDeploymentPostprocessing = 0;
		};
/* End PBXSourcesBuildPhase section */

/* Begin PBXTargetDependency section */
		0F4FD56325E2F6E900233336 /* PBXTargetDependency */ = {
			isa = PBXTargetDependency;
			target = 0F4FD54A25E2F6E800233336 /* Flix */;
			targetProxy = 0F4FD56225E2F6E900233336 /* PBXContainerItemProxy */;
		};
		0F4FD56E25E2F6E900233336 /* PBXTargetDependency */ = {
			isa = PBXTargetDependency;
			target = 0F4FD54A25E2F6E800233336 /* Flix */;
			targetProxy = 0F4FD56D25E2F6E900233336 /* PBXContainerItemProxy */;
		};
/* End PBXTargetDependency section */

/* Begin PBXVariantGroup section */
		0F4FD55425E2F6E800233336 /* Main.storyboard */ = {
			isa = PBXVariantGroup;
			children = (
				0F4FD55525E2F6E800233336 /* Base */,
			);
			name = Main.storyboard;
			sourceTree = "<group>";
		};
		0F4FD55925E2F6E900233336 /* LaunchScreen.storyboard */ = {
			isa = PBXVariantGroup;
			children = (
				0F4FD55A25E2F6E900233336 /* Base */,
			);
			name = LaunchScreen.storyboard;
			sourceTree = "<group>";
		};
/* End PBXVariantGroup section */

/* Begin XCBuildConfiguration section */
		0F4FD57325E2F6E900233336 /* Debug */ = {
			isa = XCBuildConfiguration;
			buildSettings = {
				ALWAYS_SEARCH_USER_PATHS = NO;
				CLANG_ANALYZER_NONNULL = YES;
				CLANG_ANALYZER_NUMBER_OBJECT_CONVERSION = YES_AGGRESSIVE;
				CLANG_CXX_LANGUAGE_STANDARD = "gnu++14";
				CLANG_CXX_LIBRARY = "libc++";
				CLANG_ENABLE_MODULES = YES;
				CLANG_ENABLE_OBJC_ARC = YES;
				CLANG_ENABLE_OBJC_WEAK = YES;
				CLANG_WARN_BLOCK_CAPTURE_AUTORELEASING = YES;
				CLANG_WARN_BOOL_CONVERSION = YES;
				CLANG_WARN_COMMA = YES;
				CLANG_WARN_CONSTANT_CONVERSION = YES;
				CLANG_WARN_DEPRECATED_OBJC_IMPLEMENTATIONS = YES;
				CLANG_WARN_DIRECT_OBJC_ISA_USAGE = YES_ERROR;
				CLANG_WARN_DOCUMENTATION_COMMENTS = YES;
				CLANG_WARN_EMPTY_BODY = YES;
				CLANG_WARN_ENUM_CONVERSION = YES;
				CLANG_WARN_INFINITE_RECURSION = YES;
				CLANG_WARN_INT_CONVERSION = YES;
				CLANG_WARN_NON_LITERAL_NULL_CONVERSION = YES;
				CLANG_WARN_OBJC_IMPLICIT_RETAIN_SELF = YES;
				CLANG_WARN_OBJC_LITERAL_CONVERSION = YES;
				CLANG_WARN_OBJC_ROOT_CLASS = YES_ERROR;
				CLANG_WARN_QUOTED_INCLUDE_IN_FRAMEWORK_HEADER = YES;
				CLANG_WARN_RANGE_LOOP_ANALYSIS = YES;
				CLANG_WARN_STRICT_PROTOTYPES = YES;
				CLANG_WARN_SUSPICIOUS_MOVE = YES;
				CLANG_WARN_UNGUARDED_AVAILABILITY = YES_AGGRESSIVE;
				CLANG_WARN_UNREACHABLE_CODE = YES;
				CLANG_WARN__DUPLICATE_METHOD_MATCH = YES;
				COPY_PHASE_STRIP = NO;
				DEBUG_INFORMATION_FORMAT = dwarf;
				ENABLE_STRICT_OBJC_MSGSEND = YES;
				ENABLE_TESTABILITY = YES;
				GCC_C_LANGUAGE_STANDARD = gnu11;
				GCC_DYNAMIC_NO_PIC = NO;
				GCC_NO_COMMON_BLOCKS = YES;
				GCC_OPTIMIZATION_LEVEL = 0;
				GCC_PREPROCESSOR_DEFINITIONS = (
					"DEBUG=1",
					"$(inherited)",
				);
				GCC_WARN_64_TO_32_BIT_CONVERSION = YES;
				GCC_WARN_ABOUT_RETURN_TYPE = YES_ERROR;
				GCC_WARN_UNDECLARED_SELECTOR = YES;
				GCC_WARN_UNINITIALIZED_AUTOS = YES_AGGRESSIVE;
				GCC_WARN_UNUSED_FUNCTION = YES;
				GCC_WARN_UNUSED_VARIABLE = YES;
				IPHONEOS_DEPLOYMENT_TARGET = 14.4;
				MTL_ENABLE_DEBUG_INFO = INCLUDE_SOURCE;
				MTL_FAST_MATH = YES;
				ONLY_ACTIVE_ARCH = YES;
				SDKROOT = iphoneos;
				SWIFT_ACTIVE_COMPILATION_CONDITIONS = DEBUG;
				SWIFT_OPTIMIZATION_LEVEL = "-Onone";
			};
			name = Debug;
		};
		0F4FD57425E2F6E900233336 /* Release */ = {
			isa = XCBuildConfiguration;
			buildSettings = {
				ALWAYS_SEARCH_USER_PATHS = NO;
				CLANG_ANALYZER_NONNULL = YES;
				CLANG_ANALYZER_NUMBER_OBJECT_CONVERSION = YES_AGGRESSIVE;
				CLANG_CXX_LANGUAGE_STANDARD = "gnu++14";
				CLANG_CXX_LIBRARY = "libc++";
				CLANG_ENABLE_MODULES = YES;
				CLANG_ENABLE_OBJC_ARC = YES;
				CLANG_ENABLE_OBJC_WEAK = YES;
				CLANG_WARN_BLOCK_CAPTURE_AUTORELEASING = YES;
				CLANG_WARN_BOOL_CONVERSION = YES;
				CLANG_WARN_COMMA = YES;
				CLANG_WARN_CONSTANT_CONVERSION = YES;
				CLANG_WARN_DEPRECATED_OBJC_IMPLEMENTATIONS = YES;
				CLANG_WARN_DIRECT_OBJC_ISA_USAGE = YES_ERROR;
				CLANG_WARN_DOCUMENTATION_COMMENTS = YES;
				CLANG_WARN_EMPTY_BODY = YES;
				CLANG_WARN_ENUM_CONVERSION = YES;
				CLANG_WARN_INFINITE_RECURSION = YES;
				CLANG_WARN_INT_CONVERSION = YES;
				CLANG_WARN_NON_LITERAL_NULL_CONVERSION = YES;
				CLANG_WARN_OBJC_IMPLICIT_RETAIN_SELF = YES;
				CLANG_WARN_OBJC_LITERAL_CONVERSION = YES;
				CLANG_WARN_OBJC_ROOT_CLASS = YES_ERROR;
				CLANG_WARN_QUOTED_INCLUDE_IN_FRAMEWORK_HEADER = YES;
				CLANG_WARN_RANGE_LOOP_ANALYSIS = YES;
				CLANG_WARN_STRICT_PROTOTYPES = YES;
				CLANG_WARN_SUSPICIOUS_MOVE = YES;
				CLANG_WARN_UNGUARDED_AVAILABILITY = YES_AGGRESSIVE;
				CLANG_WARN_UNREACHABLE_CODE = YES;
				CLANG_WARN__DUPLICATE_METHOD_MATCH = YES;
				COPY_PHASE_STRIP = NO;
				DEBUG_INFORMATION_FORMAT = "dwarf-with-dsym";
				ENABLE_NS_ASSERTIONS = NO;
				ENABLE_STRICT_OBJC_MSGSEND = YES;
				GCC_C_LANGUAGE_STANDARD = gnu11;
				GCC_NO_COMMON_BLOCKS = YES;
				GCC_WARN_64_TO_32_BIT_CONVERSION = YES;
				GCC_WARN_ABOUT_RETURN_TYPE = YES_ERROR;
				GCC_WARN_UNDECLARED_SELECTOR = YES;
				GCC_WARN_UNINITIALIZED_AUTOS = YES_AGGRESSIVE;
				GCC_WARN_UNUSED_FUNCTION = YES;
				GCC_WARN_UNUSED_VARIABLE = YES;
				IPHONEOS_DEPLOYMENT_TARGET = 14.4;
				MTL_ENABLE_DEBUG_INFO = NO;
				MTL_FAST_MATH = YES;
				SDKROOT = iphoneos;
				SWIFT_COMPILATION_MODE = wholemodule;
				SWIFT_OPTIMIZATION_LEVEL = "-O";
				VALIDATE_PRODUCT = YES;
			};
			name = Release;
		};
		0F4FD57625E2F6E900233336 /* Debug */ = {
			isa = XCBuildConfiguration;
			baseConfigurationReference = 5A3393AD1DA1C319E5C59A57 /* Pods-Flix.debug.xcconfig */;
			buildSettings = {
				ASSETCATALOG_COMPILER_APPICON_NAME = AppIcon;
				ASSETCATALOG_COMPILER_GLOBAL_ACCENT_COLOR_NAME = AccentColor;
				CODE_SIGN_STYLE = Automatic;
				INFOPLIST_FILE = Flix/Info.plist;
				LD_RUNPATH_SEARCH_PATHS = (
					"$(inherited)",
					"@executable_path/Frameworks",
				);
				PRODUCT_BUNDLE_IDENTIFIER = nemirgandhi.Flix;
				PRODUCT_NAME = "$(TARGET_NAME)";
				SWIFT_VERSION = 5.0;
				TARGETED_DEVICE_FAMILY = "1,2";
			};
			name = Debug;
		};
		0F4FD57725E2F6E900233336 /* Release */ = {
			isa = XCBuildConfiguration;
			baseConfigurationReference = E8BDC2F02F3F6678DD36D620 /* Pods-Flix.release.xcconfig */;
			buildSettings = {
				ASSETCATALOG_COMPILER_APPICON_NAME = AppIcon;
				ASSETCATALOG_COMPILER_GLOBAL_ACCENT_COLOR_NAME = AccentColor;
				CODE_SIGN_STYLE = Automatic;
				INFOPLIST_FILE = Flix/Info.plist;
				LD_RUNPATH_SEARCH_PATHS = (
					"$(inherited)",
					"@executable_path/Frameworks",
				);
				PRODUCT_BUNDLE_IDENTIFIER = nemirgandhi.Flix;
				PRODUCT_NAME = "$(TARGET_NAME)";
				SWIFT_VERSION = 5.0;
				TARGETED_DEVICE_FAMILY = "1,2";
			};
			name = Release;
		};
		0F4FD57925E2F6E900233336 /* Debug */ = {
			isa = XCBuildConfiguration;
			baseConfigurationReference = 6B491C3110CE2E12B5CEDECF /* Pods-FlixTests.debug.xcconfig */;
			buildSettings = {
				ALWAYS_EMBED_SWIFT_STANDARD_LIBRARIES = YES;
				BUNDLE_LOADER = "$(TEST_HOST)";
				CODE_SIGN_STYLE = Automatic;
				INFOPLIST_FILE = FlixTests/Info.plist;
				IPHONEOS_DEPLOYMENT_TARGET = 14.4;
				LD_RUNPATH_SEARCH_PATHS = (
					"$(inherited)",
					"@executable_path/Frameworks",
					"@loader_path/Frameworks",
				);
				PRODUCT_BUNDLE_IDENTIFIER = nemirgandhi.FlixTests;
				PRODUCT_NAME = "$(TARGET_NAME)";
				SWIFT_VERSION = 5.0;
				TARGETED_DEVICE_FAMILY = "1,2";
				TEST_HOST = "$(BUILT_PRODUCTS_DIR)/Flix.app/Flix";
			};
			name = Debug;
		};
		0F4FD57A25E2F6E900233336 /* Release */ = {
			isa = XCBuildConfiguration;
			baseConfigurationReference = A44C787B835A1EAEF7164AE3 /* Pods-FlixTests.release.xcconfig */;
			buildSettings = {
				ALWAYS_EMBED_SWIFT_STANDARD_LIBRARIES = YES;
				BUNDLE_LOADER = "$(TEST_HOST)";
				CODE_SIGN_STYLE = Automatic;
				INFOPLIST_FILE = FlixTests/Info.plist;
				IPHONEOS_DEPLOYMENT_TARGET = 14.4;
				LD_RUNPATH_SEARCH_PATHS = (
					"$(inherited)",
					"@executable_path/Frameworks",
					"@loader_path/Frameworks",
				);
				PRODUCT_BUNDLE_IDENTIFIER = nemirgandhi.FlixTests;
				PRODUCT_NAME = "$(TARGET_NAME)";
				SWIFT_VERSION = 5.0;
				TARGETED_DEVICE_FAMILY = "1,2";
				TEST_HOST = "$(BUILT_PRODUCTS_DIR)/Flix.app/Flix";
			};
			name = Release;
		};
		0F4FD57C25E2F6E900233336 /* Debug */ = {
			isa = XCBuildConfiguration;
			baseConfigurationReference = 37F829C8B094F1C7B3ED9FD9 /* Pods-Flix-FlixUITests.debug.xcconfig */;
			buildSettings = {
				ALWAYS_EMBED_SWIFT_STANDARD_LIBRARIES = YES;
				CODE_SIGN_STYLE = Automatic;
				INFOPLIST_FILE = FlixUITests/Info.plist;
				LD_RUNPATH_SEARCH_PATHS = (
					"$(inherited)",
					"@executable_path/Frameworks",
					"@loader_path/Frameworks",
				);
				PRODUCT_BUNDLE_IDENTIFIER = nemirgandhi.FlixUITests;
				PRODUCT_NAME = "$(TARGET_NAME)";
				SWIFT_VERSION = 5.0;
				TARGETED_DEVICE_FAMILY = "1,2";
				TEST_TARGET_NAME = Flix;
			};
			name = Debug;
		};
		0F4FD57D25E2F6E900233336 /* Release */ = {
			isa = XCBuildConfiguration;
			baseConfigurationReference = 5003EEF83612320CC4312202 /* Pods-Flix-FlixUITests.release.xcconfig */;
			buildSettings = {
				ALWAYS_EMBED_SWIFT_STANDARD_LIBRARIES = YES;
				CODE_SIGN_STYLE = Automatic;
				INFOPLIST_FILE = FlixUITests/Info.plist;
				LD_RUNPATH_SEARCH_PATHS = (
					"$(inherited)",
					"@executable_path/Frameworks",
					"@loader_path/Frameworks",
				);
				PRODUCT_BUNDLE_IDENTIFIER = nemirgandhi.FlixUITests;
				PRODUCT_NAME = "$(TARGET_NAME)";
				SWIFT_VERSION = 5.0;
				TARGETED_DEVICE_FAMILY = "1,2";
				TEST_TARGET_NAME = Flix;
			};
			name = Release;
		};
/* End XCBuildConfiguration section */

/* Begin XCConfigurationList section */
		0F4FD54625E2F6E800233336 /* Build configuration list for PBXProject "Flix" */ = {
			isa = XCConfigurationList;
			buildConfigurations = (
				0F4FD57325E2F6E900233336 /* Debug */,
				0F4FD57425E2F6E900233336 /* Release */,
			);
			defaultConfigurationIsVisible = 0;
			defaultConfigurationName = Release;
		};
		0F4FD57525E2F6E900233336 /* Build configuration list for PBXNativeTarget "Flix" */ = {
			isa = XCConfigurationList;
			buildConfigurations = (
				0F4FD57625E2F6E900233336 /* Debug */,
				0F4FD57725E2F6E900233336 /* Release */,
			);
			defaultConfigurationIsVisible = 0;
			defaultConfigurationName = Release;
		};
		0F4FD57825E2F6E900233336 /* Build configuration list for PBXNativeTarget "FlixTests" */ = {
			isa = XCConfigurationList;
			buildConfigurations = (
				0F4FD57925E2F6E900233336 /* Debug */,
				0F4FD57A25E2F6E900233336 /* Release */,
			);
			defaultConfigurationIsVisible = 0;
			defaultConfigurationName = Release;
		};
		0F4FD57B25E2F6E900233336 /* Build configuration list for PBXNativeTarget "FlixUITests" */ = {
			isa = XCConfigurationList;
			buildConfigurations = (
				0F4FD57C25E2F6E900233336 /* Debug */,
				0F4FD57D25E2F6E900233336 /* Release */,
			);
			defaultConfigurationIsVisible = 0;
			defaultConfigurationName = Release;
		};
/* End XCConfigurationList section */
	};
	rootObject = 0F4FD54325E2F6E800233336 /* Project object */;
}
